// !$*UTF8*$!
{
	archiveVersion = 1;
	classes = {
	};
	objectVersion = 50;
	objects = {

/* Begin PBXBuildFile section */
		6413DE3622D7292E00FA6ACF /* MaTabBar.swift in Sources */ = {isa = PBXBuildFile; fileRef = 6413DE3522D7292E00FA6ACF /* MaTabBar.swift */; };
		6413DE3922D7361700FA6ACF /* CoreDataHelper.swift in Sources */ = {isa = PBXBuildFile; fileRef = 6413DE3822D7361700FA6ACF /* CoreDataHelper.swift */; };
		6413DE3B22D78B9D00FA6ACF /* ListeCell.swift in Sources */ = {isa = PBXBuildFile; fileRef = 6413DE3A22D78B9D00FA6ACF /* ListeCell.swift */; };
		6413DE3D22D78BD200FA6ACF /* ViewShadow.swift in Sources */ = {isa = PBXBuildFile; fileRef = 6413DE3C22D78BD200FA6ACF /* ViewShadow.swift */; };
		64EC037522D5FC81000884CF /* AppDelegate.swift in Sources */ = {isa = PBXBuildFile; fileRef = 64EC037422D5FC81000884CF /* AppDelegate.swift */; };
		64EC037722D5FC81000884CF /* ListeController.swift in Sources */ = {isa = PBXBuildFile; fileRef = 64EC037622D5FC81000884CF /* ListeController.swift */; };
		64EC037A22D5FC81000884CF /* Main.storyboard in Resources */ = {isa = PBXBuildFile; fileRef = 64EC037822D5FC81000884CF /* Main.storyboard */; };
		64EC037D22D5FC81000884CF /* CoData.xcdatamodeld in Sources */ = {isa = PBXBuildFile; fileRef = 64EC037B22D5FC81000884CF /* CoData.xcdatamodeld */; };
		64EC037F22D5FC83000884CF /* Assets.xcassets in Resources */ = {isa = PBXBuildFile; fileRef = 64EC037E22D5FC83000884CF /* Assets.xcassets */; };
		64EC038222D5FC83000884CF /* LaunchScreen.storyboard in Resources */ = {isa = PBXBuildFile; fileRef = 64EC038022D5FC83000884CF /* LaunchScreen.storyboard */; };
/* End PBXBuildFile section */

/* Begin PBXFileReference section */
		6413DE3522D7292E00FA6ACF /* MaTabBar.swift */ = {isa = PBXFileReference; lastKnownFileType = sourcecode.swift; path = MaTabBar.swift; sourceTree = "<group>"; };
		6413DE3822D7361700FA6ACF /* CoreDataHelper.swift */ = {isa = PBXFileReference; lastKnownFileType = sourcecode.swift; path = CoreDataHelper.swift; sourceTree = "<group>"; };
		6413DE3A22D78B9D00FA6ACF /* ListeCell.swift */ = {isa = PBXFileReference; lastKnownFileType = sourcecode.swift; path = ListeCell.swift; sourceTree = "<group>"; };
		6413DE3C22D78BD200FA6ACF /* ViewShadow.swift */ = {isa = PBXFileReference; lastKnownFileType = sourcecode.swift; path = ViewShadow.swift; sourceTree = "<group>"; };
		64EC037122D5FC81000884CF /* CoData.app */ = {isa = PBXFileReference; explicitFileType = wrapper.application; includeInIndex = 0; path = CoData.app; sourceTree = BUILT_PRODUCTS_DIR; };
		64EC037422D5FC81000884CF /* AppDelegate.swift */ = {isa = PBXFileReference; lastKnownFileType = sourcecode.swift; path = AppDelegate.swift; sourceTree = "<group>"; };
		64EC037622D5FC81000884CF /* ListeController.swift */ = {isa = PBXFileReference; lastKnownFileType = sourcecode.swift; path = ListeController.swift; sourceTree = "<group>"; };
		64EC037922D5FC81000884CF /* Base */ = {isa = PBXFileReference; lastKnownFileType = file.storyboard; name = Base; path = Base.lproj/Main.storyboard; sourceTree = "<group>"; };
		64EC037C22D5FC81000884CF /* CoData.xcdatamodel */ = {isa = PBXFileReference; lastKnownFileType = wrapper.xcdatamodel; path = CoData.xcdatamodel; sourceTree = "<group>"; };
		64EC037E22D5FC83000884CF /* Assets.xcassets */ = {isa = PBXFileReference; lastKnownFileType = folder.assetcatalog; path = Assets.xcassets; sourceTree = "<group>"; };
		64EC038122D5FC83000884CF /* Base */ = {isa = PBXFileReference; lastKnownFileType = file.storyboard; name = Base; path = Base.lproj/LaunchScreen.storyboard; sourceTree = "<group>"; };
		64EC038322D5FC83000884CF /* Info.plist */ = {isa = PBXFileReference; lastKnownFileType = text.plist.xml; path = Info.plist; sourceTree = "<group>"; };
/* End PBXFileReference section */

/* Begin PBXFrameworksBuildPhase section */
		64EC036E22D5FC81000884CF /* Frameworks */ = {
			isa = PBXFrameworksBuildPhase;
			buildActionMask = 2147483647;
			files = (
			);
			runOnlyForDeploymentPostprocessing = 0;
		};
/* End PBXFrameworksBuildPhase section */

/* Begin PBXGroup section */
		6413DE3222D728A600FA6ACF /* Controller */ = {
			isa = PBXGroup;
			children = (
				64EC037622D5FC81000884CF /* ListeController.swift */,
				6413DE3522D7292E00FA6ACF /* MaTabBar.swift */,
			);
			path = Controller;
			sourceTree = "<group>";
		};
		6413DE3322D728C300FA6ACF /* Modèle */ = {
			isa = PBXGroup;
			children = (
				64EC037B22D5FC81000884CF /* CoData.xcdatamodeld */,
				6413DE3822D7361700FA6ACF /* CoreDataHelper.swift */,
			);
			name = "Modèle";
			path = "Modèle";
			sourceTree = "<group>";
		};
		6413DE3422D728CD00FA6ACF /* Vue */ = {
			isa = PBXGroup;
			children = (
				6413DE3A22D78B9D00FA6ACF /* ListeCell.swift */,
				6413DE3C22D78BD200FA6ACF /* ViewShadow.swift */,
			);
			path = Vue;
			sourceTree = "<group>";
		};
		6413DE3722D7307600FA6ACF /* Interface Builder */ = {
			isa = PBXGroup;
			children = (
				64EC037822D5FC81000884CF /* Main.storyboard */,
				64EC038022D5FC83000884CF /* LaunchScreen.storyboard */,
			);
			path = "Interface Builder";
			sourceTree = "<group>";
		};
		64EC036822D5FC81000884CF = {
			isa = PBXGroup;
			children = (
				64EC037322D5FC81000884CF /* CoData */,
				64EC037222D5FC81000884CF /* Products */,
			);
			sourceTree = "<group>";
		};
		64EC037222D5FC81000884CF /* Products */ = {
			isa = PBXGroup;
			children = (
				64EC037122D5FC81000884CF /* CoData.app */,
			);
			name = Products;
			sourceTree = "<group>";
		};
		64EC037322D5FC81000884CF /* CoData */ = {
			isa = PBXGroup;
			children = (
				64EC037422D5FC81000884CF /* AppDelegate.swift */,
				6413DE3722D7307600FA6ACF /* Interface Builder */,
				6413DE3322D728C300FA6ACF /* Modèle */,
				6413DE3422D728CD00FA6ACF /* Vue */,
				6413DE3222D728A600FA6ACF /* Controller */,
				64EC037E22D5FC83000884CF /* Assets.xcassets */,
				64EC038322D5FC83000884CF /* Info.plist */,
			);
			path = CoData;
			sourceTree = "<group>";
		};
/* End PBXGroup section */

/* Begin PBXNativeTarget section */
		64EC037022D5FC81000884CF /* CoData */ = {
			isa = PBXNativeTarget;
			buildConfigurationList = 64EC038622D5FC83000884CF /* Build configuration list for PBXNativeTarget "CoData" */;
			buildPhases = (
				64EC036D22D5FC81000884CF /* Sources */,
				64EC036E22D5FC81000884CF /* Frameworks */,
				64EC036F22D5FC81000884CF /* Resources */,
			);
			buildRules = (
			);
			dependencies = (
			);
			name = CoData;
			productName = CoData;
			productReference = 64EC037122D5FC81000884CF /* CoData.app */;
			productType = "com.apple.product-type.application";
		};
/* End PBXNativeTarget section */

/* Begin PBXProject section */
		64EC036922D5FC81000884CF /* Project object */ = {
			isa = PBXProject;
			attributes = {
				LastSwiftUpdateCheck = 1020;
				LastUpgradeCheck = 1020;
				ORGANIZATIONNAME = "B Masset";
				TargetAttributes = {
					64EC037022D5FC81000884CF = {
						CreatedOnToolsVersion = 10.2.1;
					};
				};
			};
			buildConfigurationList = 64EC036C22D5FC81000884CF /* Build configuration list for PBXProject "CoData" */;
			compatibilityVersion = "Xcode 9.3";
			developmentRegion = en;
			hasScannedForEncodings = 0;
			knownRegions = (
				en,
				Base,
			);
			mainGroup = 64EC036822D5FC81000884CF;
			productRefGroup = 64EC037222D5FC81000884CF /* Products */;
			projectDirPath = "";
			projectRoot = "";
			targets = (
				64EC037022D5FC81000884CF /* CoData */,
			);
		};
/* End PBXProject section */

/* Begin PBXResourcesBuildPhase section */
		64EC036F22D5FC81000884CF /* Resources */ = {
			isa = PBXResourcesBuildPhase;
			buildActionMask = 2147483647;
			files = (
				64EC038222D5FC83000884CF /* LaunchScreen.storyboard in Resources */,
				64EC037F22D5FC83000884CF /* Assets.xcassets in Resources */,
				64EC037A22D5FC81000884CF /* Main.storyboard in Resources */,
			);
			runOnlyForDeploymentPostprocessing = 0;
		};
/* End PBXResourcesBuildPhase section */

/* Begin PBXSourcesBuildPhase section */
		64EC036D22D5FC81000884CF /* Sources */ = {
			isa = PBXSourcesBuildPhase;
			buildActionMask = 2147483647;
			files = (
				6413DE3922D7361700FA6ACF /* CoreDataHelper.swift in Sources */,
				6413DE3B22D78B9D00FA6ACF /* ListeCell.swift in Sources */,
				6413DE3D22D78BD200FA6ACF /* ViewShadow.swift in Sources */,
				64EC037722D5FC81000884CF /* ListeController.swift in Sources */,
				64EC037522D5FC81000884CF /* AppDelegate.swift in Sources */,
				64EC037D22D5FC81000884CF /* CoData.xcdatamodeld in Sources */,
				6413DE3622D7292E00FA6ACF /* MaTabBar.swift in Sources */,
			);
			runOnlyForDeploymentPostprocessing = 0;
		};
/* End PBXSourcesBuildPhase section */

/* Begin PBXVariantGroup section */
		64EC037822D5FC81000884CF /* Main.storyboard */ = {
			isa = PBXVariantGroup;
			children = (
				64EC037922D5FC81000884CF /* Base */,
			);
			name = Main.storyboard;
			sourceTree = "<group>";
		};
		64EC038022D5FC83000884CF /* LaunchScreen.storyboard */ = {
			isa = PBXVariantGroup;
			children = (
				64EC038122D5FC83000884CF /* Base */,
			);
			name = LaunchScreen.storyboard;
			sourceTree = "<group>";
		};
/* End PBXVariantGroup section */

/* Begin XCBuildConfiguration section */
		64EC038422D5FC83000884CF /* Debug */ = {
			isa = XCBuildConfiguration;
			buildSettings = {
				ALWAYS_SEARCH_USER_PATHS = NO;
				CLANG_ANALYZER_NONNULL = YES;
				CLANG_ANALYZER_NUMBER_OBJECT_CONVERSION = YES_AGGRESSIVE;
				CLANG_CXX_LANGUAGE_STANDARD = "gnu++14";
				CLANG_CXX_LIBRARY = "libc++";
				CLANG_ENABLE_MODULES = YES;
				CLANG_ENABLE_OBJC_ARC = YES;
				CLANG_ENABLE_OBJC_WEAK = YES;
				CLANG_WARN_BLOCK_CAPTURE_AUTORELEASING = YES;
				CLANG_WARN_BOOL_CONVERSION = YES;
				CLANG_WARN_COMMA = YES;
				CLANG_WARN_CONSTANT_CONVERSION = YES;
				CLANG_WARN_DEPRECATED_OBJC_IMPLEMENTATIONS = YES;
				CLANG_WARN_DIRECT_OBJC_ISA_USAGE = YES_ERROR;
				CLANG_WARN_DOCUMENTATION_COMMENTS = YES;
				CLANG_WARN_EMPTY_BODY = YES;
				CLANG_WARN_ENUM_CONVERSION = YES;
				CLANG_WARN_INFINITE_RECURSION = YES;
				CLANG_WARN_INT_CONVERSION = YES;
				CLANG_WARN_NON_LITERAL_NULL_CONVERSION = YES;
				CLANG_WARN_OBJC_IMPLICIT_RETAIN_SELF = YES;
				CLANG_WARN_OBJC_LITERAL_CONVERSION = YES;
				CLANG_WARN_OBJC_ROOT_CLASS = YES_ERROR;
				CLANG_WARN_RANGE_LOOP_ANALYSIS = YES;
				CLANG_WARN_STRICT_PROTOTYPES = YES;
				CLANG_WARN_SUSPICIOUS_MOVE = YES;
				CLANG_WARN_UNGUARDED_AVAILABILITY = YES_AGGRESSIVE;
				CLANG_WARN_UNREACHABLE_CODE = YES;
				CLANG_WARN__DUPLICATE_METHOD_MATCH = YES;
				CODE_SIGN_IDENTITY = "iPhone Developer";
				COPY_PHASE_STRIP = NO;
				DEBUG_INFORMATION_FORMAT = dwarf;
				ENABLE_STRICT_OBJC_MSGSEND = YES;
				ENABLE_TESTABILITY = YES;
				GCC_C_LANGUAGE_STANDARD = gnu11;
				GCC_DYNAMIC_NO_PIC = NO;
				GCC_NO_COMMON_BLOCKS = YES;
				GCC_OPTIMIZATION_LEVEL = 0;
				GCC_PREPROCESSOR_DEFINITIONS = (
					"DEBUG=1",
					"$(inherited)",
				);
				GCC_WARN_64_TO_32_BIT_CONVERSION = YES;
				GCC_WARN_ABOUT_RETURN_TYPE = YES_ERROR;
				GCC_WARN_UNDECLARED_SELECTOR = YES;
				GCC_WARN_UNINITIALIZED_AUTOS = YES_AGGRESSIVE;
				GCC_WARN_UNUSED_FUNCTION = YES;
				GCC_WARN_UNUSED_VARIABLE = YES;
				IPHONEOS_DEPLOYMENT_TARGET = 12.2;
				MTL_ENABLE_DEBUG_INFO = INCLUDE_SOURCE;
				MTL_FAST_MATH = YES;
				ONLY_ACTIVE_ARCH = YES;
				SDKROOT = iphoneos;
				SWIFT_ACTIVE_COMPILATION_CONDITIONS = DEBUG;
				SWIFT_OPTIMIZATION_LEVEL = "-Onone";
			};
			name = Debug;
		};
		64EC038522D5FC83000884CF /* Release */ = {
			isa = XCBuildConfiguration;
			buildSettings = {
				ALWAYS_SEARCH_USER_PATHS = NO;
				CLANG_ANALYZER_NONNULL = YES;
				CLANG_ANALYZER_NUMBER_OBJECT_CONVERSION = YES_AGGRESSIVE;
				CLANG_CXX_LANGUAGE_STANDARD = "gnu++14";
				CLANG_CXX_LIBRARY = "libc++";
				CLANG_ENABLE_MODULES = YES;
				CLANG_ENABLE_OBJC_ARC = YES;
				CLANG_ENABLE_OBJC_WEAK = YES;
				CLANG_WARN_BLOCK_CAPTURE_AUTORELEASING = YES;
				CLANG_WARN_BOOL_CONVERSION = YES;
				CLANG_WARN_COMMA = YES;
				CLANG_WARN_CONSTANT_CONVERSION = YES;
				CLANG_WARN_DEPRECATED_OBJC_IMPLEMENTATIONS = YES;
				CLANG_WARN_DIRECT_OBJC_ISA_USAGE = YES_ERROR;
				CLANG_WARN_DOCUMENTATION_COMMENTS = YES;
				CLANG_WARN_EMPTY_BODY = YES;
				CLANG_WARN_ENUM_CONVERSION = YES;
				CLANG_WARN_INFINITE_RECURSION = YES;
				CLANG_WARN_INT_CONVERSION = YES;
				CLANG_WARN_NON_LITERAL_NULL_CONVERSION = YES;
				CLANG_WARN_OBJC_IMPLICIT_RETAIN_SELF = YES;
				CLANG_WARN_OBJC_LITERAL_CONVERSION = YES;
				CLANG_WARN_OBJC_ROOT_CLASS = YES_ERROR;
				CLANG_WARN_RANGE_LOOP_ANALYSIS = YES;
				CLANG_WARN_STRICT_PROTOTYPES = YES;
				CLANG_WARN_SUSPICIOUS_MOVE = YES;
				CLANG_WARN_UNGUARDED_AVAILABILITY = YES_AGGRESSIVE;
				CLANG_WARN_UNREACHABLE_CODE = YES;
				CLANG_WARN__DUPLICATE_METHOD_MATCH = YES;
				CODE_SIGN_IDENTITY = "iPhone Developer";
				COPY_PHASE_STRIP = NO;
				DEBUG_INFORMATION_FORMAT = "dwarf-with-dsym";
				ENABLE_NS_ASSERTIONS = NO;
				ENABLE_STRICT_OBJC_MSGSEND = YES;
				GCC_C_LANGUAGE_STANDARD = gnu11;
				GCC_NO_COMMON_BLOCKS = YES;
				GCC_WARN_64_TO_32_BIT_CONVERSION = YES;
				GCC_WARN_ABOUT_RETURN_TYPE = YES_ERROR;
				GCC_WARN_UNDECLARED_SELECTOR = YES;
				GCC_WARN_UNINITIALIZED_AUTOS = YES_AGGRESSIVE;
				GCC_WARN_UNUSED_FUNCTION = YES;
				GCC_WARN_UNUSED_VARIABLE = YES;
				IPHONEOS_DEPLOYMENT_TARGET = 12.2;
				MTL_ENABLE_DEBUG_INFO = NO;
				MTL_FAST_MATH = YES;
				SDKROOT = iphoneos;
				SWIFT_COMPILATION_MODE = wholemodule;
				SWIFT_OPTIMIZATION_LEVEL = "-O";
				VALIDATE_PRODUCT = YES;
			};
			name = Release;
		};
		64EC038722D5FC83000884CF /* Debug */ = {
			isa = XCBuildConfiguration;
			buildSettings = {
				ASSETCATALOG_COMPILER_APPICON_NAME = AppIcon;
				CODE_SIGN_STYLE = Automatic;
				DEVELOPMENT_TEAM = 558R6FZ5MA;
				INFOPLIST_FILE = CoData/Info.plist;
				LD_RUNPATH_SEARCH_PATHS = (
					"$(inherited)",
					"@executable_path/Frameworks",
				);
				PRODUCT_BUNDLE_IDENTIFIER = "---.CoData";
				PRODUCT_NAME = "$(TARGET_NAME)";
				SWIFT_VERSION = 5.0;
				TARGETED_DEVICE_FAMILY = "1,2";
			};
			name = Debug;
		};
		64EC038822D5FC83000884CF /* Release */ = {
			isa = XCBuildConfiguration;
			buildSettings = {
				ASSETCATALOG_COMPILER_APPICON_NAME = AppIcon;
				CODE_SIGN_STYLE = Automatic;
				DEVELOPMENT_TEAM = 558R6FZ5MA;
				INFOPLIST_FILE = CoData/Info.plist;
				LD_RUNPATH_SEARCH_PATHS = (
					"$(inherited)",
					"@executable_path/Frameworks",
				);
				PRODUCT_BUNDLE_IDENTIFIER = "---.CoData";
				PRODUCT_NAME = "$(TARGET_NAME)";
				SWIFT_VERSION = 5.0;
				TARGETED_DEVICE_FAMILY = "1,2";
			};
			name = Release;
		};
/* End XCBuildConfiguration section */

/* Begin XCConfigurationList section */
		64EC036C22D5FC81000884CF /* Build configuration list for PBXProject "CoData" */ = {
			isa = XCConfigurationList;
			buildConfigurations = (
				64EC038422D5FC83000884CF /* Debug */,
				64EC038522D5FC83000884CF /* Release */,
			);
			defaultConfigurationIsVisible = 0;
			defaultConfigurationName = Release;
		};
		64EC038622D5FC83000884CF /* Build configuration list for PBXNativeTarget "CoData" */ = {
			isa = XCConfigurationList;
			buildConfigurations = (
				64EC038722D5FC83000884CF /* Debug */,
				64EC038822D5FC83000884CF /* Release */,
			);
			defaultConfigurationIsVisible = 0;
			defaultConfigurationName = Release;
		};
/* End XCConfigurationList section */

/* Begin XCVersionGroup section */
		64EC037B22D5FC81000884CF /* CoData.xcdatamodeld */ = {
			isa = XCVersionGroup;
			children = (
				64EC037C22D5FC81000884CF /* CoData.xcdatamodel */,
			);
			currentVersion = 64EC037C22D5FC81000884CF /* CoData.xcdatamodel */;
			path = CoData.xcdatamodeld;
			sourceTree = "<group>";
			versionGroupType = wrapper.xcdatamodel;
		};
/* End XCVersionGroup section */
	};
	rootObject = 64EC036922D5FC81000884CF /* Project object */;
}
